// !$*UTF8*$!
{
	archiveVersion = 1;
	classes = {
	};
	objectVersion = 52;
	objects = {

/* Begin PBXBuildFile section */
		468B23382449FFA1005A1AC0 /* Charts in Frameworks */ = {isa = PBXBuildFile; productRef = 468B23372449FFA1005A1AC0 /* Charts */; };
		468B233A244A6793005A1AC0 /* ChartViewDetail.swift in Sources */ = {isa = PBXBuildFile; fileRef = 468B2339244A6793005A1AC0 /* ChartViewDetail.swift */; };
		468B233C244A6B32005A1AC0 /* CountriesViewDetail.swift in Sources */ = {isa = PBXBuildFile; fileRef = 468B233B244A6B32005A1AC0 /* CountriesViewDetail.swift */; };
		469B735C244BDA4C00395E77 /* LATimesViewModel.swift in Sources */ = {isa = PBXBuildFile; fileRef = 469B735B244BDA4C00395E77 /* LATimesViewModel.swift */; };
		469B735E244BDF9300395E77 /* CaliforniaView.swift in Sources */ = {isa = PBXBuildFile; fileRef = 469B735D244BDF9300395E77 /* CaliforniaView.swift */; };
		469B7360244CD58E00395E77 /* CaliforniaViewDetail.swift in Sources */ = {isa = PBXBuildFile; fileRef = 469B735F244CD58E00395E77 /* CaliforniaViewDetail.swift */; };
		469B736C244FB21A00395E77 /* SlideData.swift in Sources */ = {isa = PBXBuildFile; fileRef = 469B7363244FB21A00395E77 /* SlideData.swift */; };
		469B736D244FB21A00395E77 /* DataItem.swift in Sources */ = {isa = PBXBuildFile; fileRef = 469B7364244FB21A00395E77 /* DataItem.swift */; };
		469B736E244FB21A00395E77 /* PieChartData.swift in Sources */ = {isa = PBXBuildFile; fileRef = 469B7365244FB21A00395E77 /* PieChartData.swift */; };
		469B736F244FB21A00395E77 /* Double.swift in Sources */ = {isa = PBXBuildFile; fileRef = 469B7367244FB21A00395E77 /* Double.swift */; };
		469B7370244FB21A00395E77 /* Color.swift in Sources */ = {isa = PBXBuildFile; fileRef = 469B7368244FB21A00395E77 /* Color.swift */; };
		469B7371244FB21A00395E77 /* PieChart.swift in Sources */ = {isa = PBXBuildFile; fileRef = 469B736A244FB21A00395E77 /* PieChart.swift */; };
		469B7372244FB21A00395E77 /* PieChartSlide.swift in Sources */ = {isa = PBXBuildFile; fileRef = 469B736B244FB21A00395E77 /* PieChartSlide.swift */; };
		469B7377245394C700395E77 /* countries.json in Resources */ = {isa = PBXBuildFile; fileRef = 469B7376245394C700395E77 /* countries.json */; };
		46B76E6D2446644D00991641 /* AppDelegate.swift in Sources */ = {isa = PBXBuildFile; fileRef = 46B76E6C2446644D00991641 /* AppDelegate.swift */; };
		46B76E6F2446644D00991641 /* SceneDelegate.swift in Sources */ = {isa = PBXBuildFile; fileRef = 46B76E6E2446644D00991641 /* SceneDelegate.swift */; };
		46B76E712446644D00991641 /* ContentView.swift in Sources */ = {isa = PBXBuildFile; fileRef = 46B76E702446644D00991641 /* ContentView.swift */; };
		46B76E732446645000991641 /* Assets.xcassets in Resources */ = {isa = PBXBuildFile; fileRef = 46B76E722446645000991641 /* Assets.xcassets */; };
		46B76E762446645000991641 /* Preview Assets.xcassets in Resources */ = {isa = PBXBuildFile; fileRef = 46B76E752446645000991641 /* Preview Assets.xcassets */; };
		46B76E792446645000991641 /* LaunchScreen.storyboard in Resources */ = {isa = PBXBuildFile; fileRef = 46B76E772446645000991641 /* LaunchScreen.storyboard */; };
		46B76E8E2447E51000991641 /* VirusTrackingViewModel.swift in Sources */ = {isa = PBXBuildFile; fileRef = 46B76E8D2447E51000991641 /* VirusTrackingViewModel.swift */; };
		46B76E902447E5B500991641 /* ChartView.swift in Sources */ = {isa = PBXBuildFile; fileRef = 46B76E8F2447E5B500991641 /* ChartView.swift */; };
		46B76E922447E64000991641 /* CountriesView.swift in Sources */ = {isa = PBXBuildFile; fileRef = 46B76E912447E64000991641 /* CountriesView.swift */; };
/* End PBXBuildFile section */

/* Begin PBXFileReference section */
		468B2339244A6793005A1AC0 /* ChartViewDetail.swift */ = {isa = PBXFileReference; lastKnownFileType = sourcecode.swift; path = ChartViewDetail.swift; sourceTree = "<group>"; };
		468B233B244A6B32005A1AC0 /* CountriesViewDetail.swift */ = {isa = PBXFileReference; lastKnownFileType = sourcecode.swift; path = CountriesViewDetail.swift; sourceTree = "<group>"; };
		469B735B244BDA4C00395E77 /* LATimesViewModel.swift */ = {isa = PBXFileReference; lastKnownFileType = sourcecode.swift; path = LATimesViewModel.swift; sourceTree = "<group>"; };
		469B735D244BDF9300395E77 /* CaliforniaView.swift */ = {isa = PBXFileReference; lastKnownFileType = sourcecode.swift; path = CaliforniaView.swift; sourceTree = "<group>"; };
		469B735F244CD58E00395E77 /* CaliforniaViewDetail.swift */ = {isa = PBXFileReference; lastKnownFileType = sourcecode.swift; path = CaliforniaViewDetail.swift; sourceTree = "<group>"; };
		469B7363244FB21A00395E77 /* SlideData.swift */ = {isa = PBXFileReference; fileEncoding = 4; lastKnownFileType = sourcecode.swift; path = SlideData.swift; sourceTree = "<group>"; };
		469B7364244FB21A00395E77 /* DataItem.swift */ = {isa = PBXFileReference; fileEncoding = 4; lastKnownFileType = sourcecode.swift; path = DataItem.swift; sourceTree = "<group>"; };
		469B7365244FB21A00395E77 /* PieChartData.swift */ = {isa = PBXFileReference; fileEncoding = 4; lastKnownFileType = sourcecode.swift; path = PieChartData.swift; sourceTree = "<group>"; };
		469B7367244FB21A00395E77 /* Double.swift */ = {isa = PBXFileReference; fileEncoding = 4; lastKnownFileType = sourcecode.swift; path = Double.swift; sourceTree = "<group>"; };
		469B7368244FB21A00395E77 /* Color.swift */ = {isa = PBXFileReference; fileEncoding = 4; lastKnownFileType = sourcecode.swift; path = Color.swift; sourceTree = "<group>"; };
		469B736A244FB21A00395E77 /* PieChart.swift */ = {isa = PBXFileReference; fileEncoding = 4; lastKnownFileType = sourcecode.swift; path = PieChart.swift; sourceTree = "<group>"; };
		469B736B244FB21A00395E77 /* PieChartSlide.swift */ = {isa = PBXFileReference; fileEncoding = 4; lastKnownFileType = sourcecode.swift; path = PieChartSlide.swift; sourceTree = "<group>"; };
		469B7376245394C700395E77 /* countries.json */ = {isa = PBXFileReference; fileEncoding = 4; lastKnownFileType = text.json; name = countries.json; path = "country-flags-master/countries.json"; sourceTree = SOURCE_ROOT; };
		46B76E692446644D00991641 /* Corona CA.app */ = {isa = PBXFileReference; explicitFileType = wrapper.application; includeInIndex = 0; path = "Corona CA.app"; sourceTree = BUILT_PRODUCTS_DIR; };
		46B76E6C2446644D00991641 /* AppDelegate.swift */ = {isa = PBXFileReference; lastKnownFileType = sourcecode.swift; path = AppDelegate.swift; sourceTree = "<group>"; };
		46B76E6E2446644D00991641 /* SceneDelegate.swift */ = {isa = PBXFileReference; lastKnownFileType = sourcecode.swift; path = SceneDelegate.swift; sourceTree = "<group>"; };
		46B76E702446644D00991641 /* ContentView.swift */ = {isa = PBXFileReference; lastKnownFileType = sourcecode.swift; path = ContentView.swift; sourceTree = "<group>"; };
		46B76E722446645000991641 /* Assets.xcassets */ = {isa = PBXFileReference; lastKnownFileType = folder.assetcatalog; path = Assets.xcassets; sourceTree = "<group>"; };
		46B76E752446645000991641 /* Preview Assets.xcassets */ = {isa = PBXFileReference; lastKnownFileType = folder.assetcatalog; path = "Preview Assets.xcassets"; sourceTree = "<group>"; };
		46B76E782446645000991641 /* Base */ = {isa = PBXFileReference; lastKnownFileType = file.storyboard; name = Base; path = Base.lproj/LaunchScreen.storyboard; sourceTree = "<group>"; };
		46B76E7A2446645000991641 /* Info.plist */ = {isa = PBXFileReference; lastKnownFileType = text.plist.xml; path = Info.plist; sourceTree = "<group>"; };
		46B76E8D2447E51000991641 /* VirusTrackingViewModel.swift */ = {isa = PBXFileReference; lastKnownFileType = sourcecode.swift; path = VirusTrackingViewModel.swift; sourceTree = "<group>"; };
		46B76E8F2447E5B500991641 /* ChartView.swift */ = {isa = PBXFileReference; lastKnownFileType = sourcecode.swift; path = ChartView.swift; sourceTree = "<group>"; };
		46B76E912447E64000991641 /* CountriesView.swift */ = {isa = PBXFileReference; lastKnownFileType = sourcecode.swift; path = CountriesView.swift; sourceTree = "<group>"; };
/* End PBXFileReference section */

/* Begin PBXFrameworksBuildPhase section */
		46B76E662446644D00991641 /* Frameworks */ = {
			isa = PBXFrameworksBuildPhase;
			buildActionMask = 2147483647;
			files = (
				468B23382449FFA1005A1AC0 /* Charts in Frameworks */,
			);
			runOnlyForDeploymentPostprocessing = 0;
		};
/* End PBXFrameworksBuildPhase section */

/* Begin PBXGroup section */
		469B7361244FB21A00395E77 /* PieChart */ = {
			isa = PBXGroup;
			children = (
				469B7362244FB21A00395E77 /* Models */,
				469B7366244FB21A00395E77 /* Extensions */,
				469B7369244FB21A00395E77 /* Views */,
			);
			path = PieChart;
			sourceTree = "<group>";
		};
		469B7362244FB21A00395E77 /* Models */ = {
			isa = PBXGroup;
			children = (
				469B7363244FB21A00395E77 /* SlideData.swift */,
				469B7364244FB21A00395E77 /* DataItem.swift */,
				469B7365244FB21A00395E77 /* PieChartData.swift */,
			);
			path = Models;
			sourceTree = "<group>";
		};
		469B7366244FB21A00395E77 /* Extensions */ = {
			isa = PBXGroup;
			children = (
				469B7367244FB21A00395E77 /* Double.swift */,
				469B7368244FB21A00395E77 /* Color.swift */,
			);
			path = Extensions;
			sourceTree = "<group>";
		};
		469B7369244FB21A00395E77 /* Views */ = {
			isa = PBXGroup;
			children = (
				469B736A244FB21A00395E77 /* PieChart.swift */,
				469B736B244FB21A00395E77 /* PieChartSlide.swift */,
			);
			path = Views;
			sourceTree = "<group>";
		};
		46B76E602446644D00991641 = {
			isa = PBXGroup;
			children = (
				46B76E6B2446644D00991641 /* Chart */,
				469B7361244FB21A00395E77 /* PieChart */,
				46B76E6A2446644D00991641 /* Products */,
				46B76E89244668BB00991641 /* Frameworks */,
			);
			sourceTree = "<group>";
		};
		46B76E6A2446644D00991641 /* Products */ = {
			isa = PBXGroup;
			children = (
				46B76E692446644D00991641 /* Corona CA.app */,
			);
			name = Products;
			sourceTree = "<group>";
		};
		46B76E6B2446644D00991641 /* Chart */ = {
			isa = PBXGroup;
			children = (
				469B7376245394C700395E77 /* countries.json */,
				46B76E6C2446644D00991641 /* AppDelegate.swift */,
				46B76E6E2446644D00991641 /* SceneDelegate.swift */,
				46B76E702446644D00991641 /* ContentView.swift */,
				46B76E8F2447E5B500991641 /* ChartView.swift */,
				468B2339244A6793005A1AC0 /* ChartViewDetail.swift */,
				46B76E912447E64000991641 /* CountriesView.swift */,
				468B233B244A6B32005A1AC0 /* CountriesViewDetail.swift */,
				46B76E8D2447E51000991641 /* VirusTrackingViewModel.swift */,
				469B735D244BDF9300395E77 /* CaliforniaView.swift */,
				469B735F244CD58E00395E77 /* CaliforniaViewDetail.swift */,
				469B735B244BDA4C00395E77 /* LATimesViewModel.swift */,
				46B76E722446645000991641 /* Assets.xcassets */,
				46B76E772446645000991641 /* LaunchScreen.storyboard */,
				46B76E7A2446645000991641 /* Info.plist */,
				46B76E742446645000991641 /* Preview Content */,
			);
			path = Chart;
			sourceTree = "<group>";
		};
		46B76E742446645000991641 /* Preview Content */ = {
			isa = PBXGroup;
			children = (
				46B76E752446645000991641 /* Preview Assets.xcassets */,
			);
			path = "Preview Content";
			sourceTree = "<group>";
		};
		46B76E89244668BB00991641 /* Frameworks */ = {
			isa = PBXGroup;
			children = (
			);
			name = Frameworks;
			sourceTree = "<group>";
		};
/* End PBXGroup section */

/* Begin PBXNativeTarget section */
		46B76E682446644D00991641 /* Chart */ = {
			isa = PBXNativeTarget;
			buildConfigurationList = 46B76E7D2446645000991641 /* Build configuration list for PBXNativeTarget "Chart" */;
			buildPhases = (
				46B76E652446644D00991641 /* Sources */,
				46B76E662446644D00991641 /* Frameworks */,
				46B76E672446644D00991641 /* Resources */,
			);
			buildRules = (
			);
			dependencies = (
			);
			name = Chart;
			packageProductDependencies = (
				468B23372449FFA1005A1AC0 /* Charts */,
			);
			productName = Chart;
			productReference = 46B76E692446644D00991641 /* Corona CA.app */;
			productType = "com.apple.product-type.application";
		};
/* End PBXNativeTarget section */

/* Begin PBXProject section */
		46B76E612446644D00991641 /* Project object */ = {
			isa = PBXProject;
			attributes = {
				LastSwiftUpdateCheck = 1130;
				LastUpgradeCheck = 1130;
				ORGANIZATIONNAME = "Larry Shannon";
				TargetAttributes = {
					46B76E682446644D00991641 = {
						CreatedOnToolsVersion = 11.3.1;
					};
				};
			};
			buildConfigurationList = 46B76E642446644D00991641 /* Build configuration list for PBXProject "Chart" */;
			compatibilityVersion = "Xcode 9.3";
			developmentRegion = en;
			hasScannedForEncodings = 0;
			knownRegions = (
				en,
				Base,
			);
			mainGroup = 46B76E602446644D00991641;
			packageReferences = (
				468B23362449FFA1005A1AC0 /* XCRemoteSwiftPackageReference "Charts" */,
			);
			productRefGroup = 46B76E6A2446644D00991641 /* Products */;
			projectDirPath = "";
			projectRoot = "";
			targets = (
				46B76E682446644D00991641 /* Chart */,
			);
		};
/* End PBXProject section */

/* Begin PBXResourcesBuildPhase section */
		46B76E672446644D00991641 /* Resources */ = {
			isa = PBXResourcesBuildPhase;
			buildActionMask = 2147483647;
			files = (
				46B76E792446645000991641 /* LaunchScreen.storyboard in Resources */,
				46B76E762446645000991641 /* Preview Assets.xcassets in Resources */,
				469B7377245394C700395E77 /* countries.json in Resources */,
				46B76E732446645000991641 /* Assets.xcassets in Resources */,
			);
			runOnlyForDeploymentPostprocessing = 0;
		};
/* End PBXResourcesBuildPhase section */

/* Begin PBXSourcesBuildPhase section */
		46B76E652446644D00991641 /* Sources */ = {
			isa = PBXSourcesBuildPhase;
			buildActionMask = 2147483647;
			files = (
				46B76E6D2446644D00991641 /* AppDelegate.swift in Sources */,
				469B7371244FB21A00395E77 /* PieChart.swift in Sources */,
				469B735C244BDA4C00395E77 /* LATimesViewModel.swift in Sources */,
				469B735E244BDF9300395E77 /* CaliforniaView.swift in Sources */,
				46B76E6F2446644D00991641 /* SceneDelegate.swift in Sources */,
				469B736D244FB21A00395E77 /* DataItem.swift in Sources */,
				469B7370244FB21A00395E77 /* Color.swift in Sources */,
				469B736E244FB21A00395E77 /* PieChartData.swift in Sources */,
				46B76E712446644D00991641 /* ContentView.swift in Sources */,
				469B736C244FB21A00395E77 /* SlideData.swift in Sources */,
				46B76E902447E5B500991641 /* ChartView.swift in Sources */,
				46B76E8E2447E51000991641 /* VirusTrackingViewModel.swift in Sources */,
				469B7360244CD58E00395E77 /* CaliforniaViewDetail.swift in Sources */,
				468B233A244A6793005A1AC0 /* ChartViewDetail.swift in Sources */,
				468B233C244A6B32005A1AC0 /* CountriesViewDetail.swift in Sources */,
				469B736F244FB21A00395E77 /* Double.swift in Sources */,
				46B76E922447E64000991641 /* CountriesView.swift in Sources */,
				469B7372244FB21A00395E77 /* PieChartSlide.swift in Sources */,
			);
			runOnlyForDeploymentPostprocessing = 0;
		};
/* End PBXSourcesBuildPhase section */

/* Begin PBXVariantGroup section */
		46B76E772446645000991641 /* LaunchScreen.storyboard */ = {
			isa = PBXVariantGroup;
			children = (
				46B76E782446645000991641 /* Base */,
			);
			name = LaunchScreen.storyboard;
			sourceTree = "<group>";
		};
/* End PBXVariantGroup section */

/* Begin XCBuildConfiguration section */
		46B76E7B2446645000991641 /* Debug */ = {
			isa = XCBuildConfiguration;
			buildSettings = {
				ALWAYS_SEARCH_USER_PATHS = NO;
				CLANG_ANALYZER_NONNULL = YES;
				CLANG_ANALYZER_NUMBER_OBJECT_CONVERSION = YES_AGGRESSIVE;
				CLANG_CXX_LANGUAGE_STANDARD = "gnu++14";
				CLANG_CXX_LIBRARY = "libc++";
				CLANG_ENABLE_MODULES = YES;
				CLANG_ENABLE_OBJC_ARC = YES;
				CLANG_ENABLE_OBJC_WEAK = YES;
				CLANG_WARN_BLOCK_CAPTURE_AUTORELEASING = YES;
				CLANG_WARN_BOOL_CONVERSION = YES;
				CLANG_WARN_COMMA = YES;
				CLANG_WARN_CONSTANT_CONVERSION = YES;
				CLANG_WARN_DEPRECATED_OBJC_IMPLEMENTATIONS = YES;
				CLANG_WARN_DIRECT_OBJC_ISA_USAGE = YES_ERROR;
				CLANG_WARN_DOCUMENTATION_COMMENTS = YES;
				CLANG_WARN_EMPTY_BODY = YES;
				CLANG_WARN_ENUM_CONVERSION = YES;
				CLANG_WARN_INFINITE_RECURSION = YES;
				CLANG_WARN_INT_CONVERSION = YES;
				CLANG_WARN_NON_LITERAL_NULL_CONVERSION = YES;
				CLANG_WARN_OBJC_IMPLICIT_RETAIN_SELF = YES;
				CLANG_WARN_OBJC_LITERAL_CONVERSION = YES;
				CLANG_WARN_OBJC_ROOT_CLASS = YES_ERROR;
				CLANG_WARN_RANGE_LOOP_ANALYSIS = YES;
				CLANG_WARN_STRICT_PROTOTYPES = YES;
				CLANG_WARN_SUSPICIOUS_MOVE = YES;
				CLANG_WARN_UNGUARDED_AVAILABILITY = YES_AGGRESSIVE;
				CLANG_WARN_UNREACHABLE_CODE = YES;
				CLANG_WARN__DUPLICATE_METHOD_MATCH = YES;
				COPY_PHASE_STRIP = NO;
				DEBUG_INFORMATION_FORMAT = dwarf;
				ENABLE_STRICT_OBJC_MSGSEND = YES;
				ENABLE_TESTABILITY = YES;
				GCC_C_LANGUAGE_STANDARD = gnu11;
				GCC_DYNAMIC_NO_PIC = NO;
				GCC_NO_COMMON_BLOCKS = YES;
				GCC_OPTIMIZATION_LEVEL = 0;
				GCC_PREPROCESSOR_DEFINITIONS = (
					"DEBUG=1",
					"$(inherited)",
				);
				GCC_WARN_64_TO_32_BIT_CONVERSION = YES;
				GCC_WARN_ABOUT_RETURN_TYPE = YES_ERROR;
				GCC_WARN_UNDECLARED_SELECTOR = YES;
				GCC_WARN_UNINITIALIZED_AUTOS = YES_AGGRESSIVE;
				GCC_WARN_UNUSED_FUNCTION = YES;
				GCC_WARN_UNUSED_VARIABLE = YES;
				IPHONEOS_DEPLOYMENT_TARGET = 13.2;
				MTL_ENABLE_DEBUG_INFO = INCLUDE_SOURCE;
				MTL_FAST_MATH = YES;
				ONLY_ACTIVE_ARCH = YES;
				SDKROOT = iphoneos;
				SWIFT_ACTIVE_COMPILATION_CONDITIONS = DEBUG;
				SWIFT_OPTIMIZATION_LEVEL = "-Onone";
			};
			name = Debug;
		};
		46B76E7C2446645000991641 /* Release */ = {
			isa = XCBuildConfiguration;
			buildSettings = {
				ALWAYS_SEARCH_USER_PATHS = NO;
				CLANG_ANALYZER_NONNULL = YES;
				CLANG_ANALYZER_NUMBER_OBJECT_CONVERSION = YES_AGGRESSIVE;
				CLANG_CXX_LANGUAGE_STANDARD = "gnu++14";
				CLANG_CXX_LIBRARY = "libc++";
				CLANG_ENABLE_MODULES = YES;
				CLANG_ENABLE_OBJC_ARC = YES;
				CLANG_ENABLE_OBJC_WEAK = YES;
				CLANG_WARN_BLOCK_CAPTURE_AUTORELEASING = YES;
				CLANG_WARN_BOOL_CONVERSION = YES;
				CLANG_WARN_COMMA = YES;
				CLANG_WARN_CONSTANT_CONVERSION = YES;
				CLANG_WARN_DEPRECATED_OBJC_IMPLEMENTATIONS = YES;
				CLANG_WARN_DIRECT_OBJC_ISA_USAGE = YES_ERROR;
				CLANG_WARN_DOCUMENTATION_COMMENTS = YES;
				CLANG_WARN_EMPTY_BODY = YES;
				CLANG_WARN_ENUM_CONVERSION = YES;
				CLANG_WARN_INFINITE_RECURSION = YES;
				CLANG_WARN_INT_CONVERSION = YES;
				CLANG_WARN_NON_LITERAL_NULL_CONVERSION = YES;
				CLANG_WARN_OBJC_IMPLICIT_RETAIN_SELF = YES;
				CLANG_WARN_OBJC_LITERAL_CONVERSION = YES;
				CLANG_WARN_OBJC_ROOT_CLASS = YES_ERROR;
				CLANG_WARN_RANGE_LOOP_ANALYSIS = YES;
				CLANG_WARN_STRICT_PROTOTYPES = YES;
				CLANG_WARN_SUSPICIOUS_MOVE = YES;
				CLANG_WARN_UNGUARDED_AVAILABILITY = YES_AGGRESSIVE;
				CLANG_WARN_UNREACHABLE_CODE = YES;
				CLANG_WARN__DUPLICATE_METHOD_MATCH = YES;
				COPY_PHASE_STRIP = NO;
				DEBUG_INFORMATION_FORMAT = "dwarf-with-dsym";
				ENABLE_NS_ASSERTIONS = NO;
				ENABLE_STRICT_OBJC_MSGSEND = YES;
				GCC_C_LANGUAGE_STANDARD = gnu11;
				GCC_NO_COMMON_BLOCKS = YES;
				GCC_WARN_64_TO_32_BIT_CONVERSION = YES;
				GCC_WARN_ABOUT_RETURN_TYPE = YES_ERROR;
				GCC_WARN_UNDECLARED_SELECTOR = YES;
				GCC_WARN_UNINITIALIZED_AUTOS = YES_AGGRESSIVE;
				GCC_WARN_UNUSED_FUNCTION = YES;
				GCC_WARN_UNUSED_VARIABLE = YES;
				IPHONEOS_DEPLOYMENT_TARGET = 13.2;
				MTL_ENABLE_DEBUG_INFO = NO;
				MTL_FAST_MATH = YES;
				SDKROOT = iphoneos;
				SWIFT_COMPILATION_MODE = wholemodule;
				SWIFT_OPTIMIZATION_LEVEL = "-O";
				VALIDATE_PRODUCT = YES;
			};
			name = Release;
		};
		46B76E7E2446645000991641 /* Debug */ = {
			isa = XCBuildConfiguration;
			buildSettings = {
				ASSETCATALOG_COMPILER_APPICON_NAME = AppIcon;
				CODE_SIGN_STYLE = Automatic;
				CURRENT_PROJECT_VERSION = 4;
				DEVELOPMENT_ASSET_PATHS = "\"Chart/Preview Content\"";
				DEVELOPMENT_TEAM = DDDAQ32TPA;
				ENABLE_PREVIEWS = YES;
				INFOPLIST_FILE = Chart/Info.plist;
				LD_RUNPATH_SEARCH_PATHS = (
					"$(inherited)",
					"@executable_path/Frameworks",
				);
				PRODUCT_BUNDLE_IDENTIFIER = com.breakawaydesign.CoronaCA;
				PRODUCT_NAME = "Corona CA";
				SWIFT_VERSION = 5.0;
				TARGETED_DEVICE_FAMILY = "1,2";
			};
			name = Debug;
		};
		46B76E7F2446645000991641 /* Release */ = {
			isa = XCBuildConfiguration;
			buildSettings = {
				ASSETCATALOG_COMPILER_APPICON_NAME = AppIcon;
				CODE_SIGN_STYLE = Automatic;
				CURRENT_PROJECT_VERSION = 4;
				DEVELOPMENT_ASSET_PATHS = "\"Chart/Preview Content\"";
				DEVELOPMENT_TEAM = DDDAQ32TPA;
				ENABLE_PREVIEWS = YES;
				INFOPLIST_FILE = Chart/Info.plist;
				LD_RUNPATH_SEARCH_PATHS = (
					"$(inherited)",
					"@executable_path/Frameworks",
				);
				PRODUCT_BUNDLE_IDENTIFIER = com.breakawaydesign.CoronaCA;
				PRODUCT_NAME = "Corona CA";
				SWIFT_VERSION = 5.0;
				TARGETED_DEVICE_FAMILY = "1,2";
			};
			name = Release;
		};
/* End XCBuildConfiguration section */

/* Begin XCConfigurationList section */
		46B76E642446644D00991641 /* Build configuration list for PBXProject "Chart" */ = {
			isa = XCConfigurationList;
			buildConfigurations = (
				46B76E7B2446645000991641 /* Debug */,
				46B76E7C2446645000991641 /* Release */,
			);
			defaultConfigurationIsVisible = 0;
			defaultConfigurationName = Release;
		};
		46B76E7D2446645000991641 /* Build configuration list for PBXNativeTarget "Chart" */ = {
			isa = XCConfigurationList;
			buildConfigurations = (
				46B76E7E2446645000991641 /* Debug */,
				46B76E7F2446645000991641 /* Release */,
			);
			defaultConfigurationIsVisible = 0;
			defaultConfigurationName = Release;
		};
/* End XCConfigurationList section */

/* Begin XCRemoteSwiftPackageReference section */
		468B23362449FFA1005A1AC0 /* XCRemoteSwiftPackageReference "Charts" */ = {
			isa = XCRemoteSwiftPackageReference;
			repositoryURL = "https://github.com/danielgindi/Charts";
			requirement = {
				kind = upToNextMajorVersion;
				minimumVersion = 3.5.0;
			};
		};
/* End XCRemoteSwiftPackageReference section */

/* Begin XCSwiftPackageProductDependency section */
		468B23372449FFA1005A1AC0 /* Charts */ = {
			isa = XCSwiftPackageProductDependency;
			package = 468B23362449FFA1005A1AC0 /* XCRemoteSwiftPackageReference "Charts" */;
			productName = Charts;
		};
/* End XCSwiftPackageProductDependency section */
	};
	rootObject = 46B76E612446644D00991641 /* Project object */;
}
